{
	"requires": true,
	"lockfileVersion": 1,
	"dependencies": {
		"razorleaf": {
			"version": "5.3.3",
			"resolved": "https://registry.npmjs.org/razorleaf/-/razorleaf-5.3.3.tgz",
			"integrity": "sha512-gMltDlSh5+DDIJl55RtgSJ8mdPbfP7T4oVXwWI6jM2RhODo8S5xyCigMzHaHfITKoytiZHBC3Wtr6/04CwOZwA==",
			"dev": true
		}
	}
}
